lockfileVersion: 5.3

specifiers:
  prettier: ^2.5.1
  prettier-plugin-tailwind: ^2.2.12
  turbo: ^1.0.24

dependencies:
  prettier: 2.5.1
  prettier-plugin-tailwind: 2.2.12_prettier@2.5.1

devDependencies:
  turbo: 1.0.24

packages:

  /find-up/5.0.0:
    resolution: {integrity: sha512-78/PXT1wlLLDgTzDs7sjq9hzz0vXD+zn+7wypEe4fXQxCmdmqfGsEPQxmiCSQI3ajFV91bVSsvNtrJRiW6nGng==}
    engines: {node: '>=10'}
    dependencies:
      locate-path: 6.0.0
      path-exists: 4.0.0
    dev: false

  /locate-path/6.0.0:
    resolution: {integrity: sha512-iPZK6eYjbxRu3uB4/WZ3EsEIMJFMqAoopl3R+zuq0UjcAm/MO6KCweDgPfP3elTztoKP3KtnVHxTn2NHBSDVUw==}
    engines: {node: '>=10'}
    dependencies:
      p-locate: 5.0.0
    dev: false

  /p-limit/3.1.0:
    resolution: {integrity: sha512-TYOanM3wGwNGsZN2cVTYPArw454xnXj5qmWF1bEoAc4+cU/ol7GVh7odevjp1FNHduHc3KZMcFduxU5Xc6uJRQ==}
    engines: {node: '>=10'}
    dependencies:
      yocto-queue: 0.1.0
    dev: false

  /p-locate/5.0.0:
    resolution: {integrity: sha512-LaNjtRWUBY++zB5nE/NwcaoMylSPk+S+ZHNB1TzdbMJMny6dynpAGt7X/tl/QYq3TIeE6nxHppbo2LGymrG5Pw==}
    engines: {node: '>=10'}
    dependencies:
      p-limit: 3.1.0
    dev: false

  /path-exists/4.0.0:
    resolution: {integrity: sha512-ak9Qy5Q7jYb2Wwcey5Fpvg2KoAc/ZIhLSLOSBmRmygPsGwkVVt0fZa0qrtMz+m6tJTAHfZQ8FnmB4MG4LWy7/w==}
    engines: {node: '>=8'}
    dev: false

  /prettier-plugin-tailwind/2.2.12_prettier@2.5.1:
    resolution: {integrity: sha512-2SvZxpsYme0g5MrxGsKM43rx28f9AVlJrbwMnx4a03svCfsHwVGtcN6oN1YlClnEwZbquu3IhVAMcawEMKTjuA==}
    peerDependencies:
      prettier: ^2.0.0
      tailwindcss: '*'
    dependencies:
      prettier: 2.5.1
      tailwind-classes-sorter: 0.2.5
    dev: false

  /prettier/2.5.1:
    resolution: {integrity: sha512-vBZcPRUR5MZJwoyi3ZoyQlc1rXeEck8KgeC9AwwOn+exuxLxq5toTRDTSaVrXHxelDMHy9zlicw8u66yxoSUFg==}
    engines: {node: '>=10.13.0'}
    hasBin: true
    dev: false

  /tailwind-classes-sorter/0.2.5:
    resolution: {integrity: sha512-7S0AaDitt+Fjy9m3v0GrQ/KZrCswNDD25SSXX9U/HIB5h9lk0ImSkq/VVcnzu78cRQxR0fFfvHYFdfcqN3dCGA==}
    dependencies:
      find-up: 5.0.0
    dev: false

  /turbo-darwin-64/1.0.24:
    resolution: {integrity: sha512-A65Wxp+jBMfI3QX2uObX6DKvk+TxNXTf7ufQTHvRSLeAreB8QiVzJdYE0nC6YdrRwfPgFY3L72dhYd2v8ouXDg==}
    cpu: [x64]
    os: [darwin]
    requiresBuild: true
    dev: true
    optional: true

  /turbo-darwin-arm64/1.0.24:
    resolution: {integrity: sha512-31zfexqUhvk/CIfAUk2mwjlpEjIURXu4QG8hoWlGxpcpAhlnkIX6CXle+LoQSnU3+4EbNe2SE92fYXsT/SnHAg==}
    cpu: [arm64]
    os: [darwin]
    requiresBuild: true
    dev: true
    optional: true

  /turbo-freebsd-64/1.0.24:
    resolution: {integrity: sha512-vZYbDkOHH5eeQrxsAYldrh2nDY884irtmgJdGbpjryJgnJx+xzriZfoFalm/d1ZfG3ArENRJqGU+k6BriefZzw==}
    cpu: [x64]
    os: [freebsd]
    requiresBuild: true
    dev: true
    optional: true

  /turbo-freebsd-arm64/1.0.24:
    resolution: {integrity: sha512-TDIu1PlyusY8AB69KGM4wGrCjtfbzmVF4Hlgf9mVeSWVKzqkRASorOEq1k8KvfZ+sBTS2GBMpqwpa1KVkYpVhw==}
    cpu: [arm64]
    os: [freebsd]
    requiresBuild: true
    dev: true
    optional: true

  /turbo-linux-32/1.0.24:
    resolution: {integrity: sha512-lhhK7914sUtuWYcDO8LV7NQkvTIwpAZlYH0XEOC/OTiYRQJvtKbEySLvefvtwuGjx7cGNI6OYraUsY3WWoK3FA==}
    cpu: [ia32]
    os: [linux]
    requiresBuild: true
    dev: true
    optional: true

  /turbo-linux-64/1.0.24:
    resolution: {integrity: sha512-EbfdrkwVsHDG7AIVQ1enWHoD6riAApx4VRAuFcQHTvJU9e+BuOQBMjb7e9jO4mUrpumtN3n20tP+86odRwsk5g==}
    cpu: [x64]
    os: [linux]
    requiresBuild: true
    dev: true
    optional: true

  /turbo-linux-arm/1.0.24:
    resolution: {integrity: sha512-lCNDVEkwxcn0acyPFVJgV5N5vKAP4LfXb+8uW/JpGHVoPHSONKtzYQG05J1KbHXpIjUT+DNgFtshtsdZYOewZQ==}
    cpu: [arm]
    os: [linux]
    requiresBuild: true
    dev: true
    optional: true

  /turbo-linux-arm64/1.0.24:
    resolution: {integrity: sha512-H4rqlgP2L7G3iAB/un/7DclExzLUkQ1NoZ0p/1Oa7Wb8H1YUlc8GkwUmpIFd5AOFSPL75DjYvlS8T5Tm23i+1A==}
    cpu: [arm64]
    os: [linux]
    requiresBuild: true
    dev: true
    optional: true

  /turbo-linux-mips64le/1.0.24:
    resolution: {integrity: sha512-AmrgQUDIe9AdNyh5YrI6pfMTUHD/gYfbylNmedLuN5Al3xINdZObcISzd/7VWd+V8wNW/1b9lUnt70Rv/KExfA==}
    cpu: [mips64el]
    os: [linux]
    requiresBuild: true
    dev: true
    optional: true

  /turbo-linux-ppc64le/1.0.24:
    resolution: {integrity: sha512-+6ESjsfrvRUr1AsurNcRTrqYr+XHG8g763+hXLog1MP9mn1cufZqWlAyE4G8/MLXDHsEKgK+tXqPLIyLBRjLEw==}
    cpu: [ppc64]
    os: [linux]
    requiresBuild: true
    dev: true
    optional: true

  /turbo-windows-32/1.0.24:
    resolution: {integrity: sha512-pqRys+FfHxuLVmW/AariITL5qpItp4WPAsYnWLx4u7VpCOO/qmTAI/SL7/jnTm4gxjBv3uf//lisu0AvEZd+TA==}
    cpu: [ia32]
    os: [win32]
    requiresBuild: true
    dev: true
    optional: true

  /turbo-windows-64/1.0.24:
    resolution: {integrity: sha512-YHAWha5XkW0Ate1HtwhzFD32kZFXtC8KB4ReEvHc9GM2inQob1ZinvktS0xi5MC5Sxl9+bObOWmsxeZPOgNCFA==}
    cpu: [x64]
    os: [win32]
    requiresBuild: true
    dev: true
    optional: true

  /turbo/1.0.24:
    resolution: {integrity: sha512-bfOr7iW48+chDl+yKiZ5FIWzXOF6xOIyrAGPaWI+I5CdD27IZCEGvqvTV/weaHvjLbV7otybHQ56XCybBlVjoA==}
    hasBin: true
    requiresBuild: true
    optionalDependencies:
      turbo-darwin-64: 1.0.24
      turbo-darwin-arm64: 1.0.24
      turbo-freebsd-64: 1.0.24
      turbo-freebsd-arm64: 1.0.24
      turbo-linux-32: 1.0.24
      turbo-linux-64: 1.0.24
      turbo-linux-arm: 1.0.24
      turbo-linux-arm64: 1.0.24
      turbo-linux-mips64le: 1.0.24
      turbo-linux-ppc64le: 1.0.24
      turbo-windows-32: 1.0.24
      turbo-windows-64: 1.0.24
    dev: true

  /yocto-queue/0.1.0:
    resolution: {integrity: sha512-rVksvsnNCdJ/ohGc6xgPwyN8eheCxsiLM8mxuE/t/mOVqJewPuO1miLpTHQiRgTKCLexL4MeAFVagts7HmNZ2Q==}
    engines: {node: '>=10'}
    dev: false
