lockfileVersion: 5.3

specifiers:
  ioredis: ^4.28.4
  prisma: ^3.8.1

dependencies:
  ioredis: 4.28.4

devDependencies:
  prisma: 3.8.1

packages:

  /@prisma/engines/3.8.0-43.34df67547cf5598f5a6cd3eb45f14ee70c3fb86f:
    resolution: {integrity: sha512-bHYubuItSN/DGYo36aDu7xJiJmK52JOSHs4MK+KbceAtwS20BCWadRgtpQ3iZ2EXfN/B1T0iCXlNraaNwnpU2w==}
    requiresBuild: true
    dev: true

  /cluster-key-slot/1.1.0:
    resolution: {integrity: sha512-2Nii8p3RwAPiFwsnZvukotvow2rIHM+yQ6ZcBXGHdniadkYGZYiGmkHJIbZPIV9nfv7m/U1IPMVVcAhoWFeklw==}
    engines: {node: '>=0.10.0'}
    dev: false

  /debug/4.3.3:
    resolution: {integrity: sha512-/zxw5+vh1Tfv+4Qn7a5nsbcJKPaSvCDhojn6FEl9vupwK2VCSDtEiEtqr8DFtzYFOdz63LBkxec7DYuc2jon6Q==}
    engines: {node: '>=6.0'}
    peerDependencies:
      supports-color: '*'
    peerDependenciesMeta:
      supports-color:
        optional: true
    dependencies:
      ms: 2.1.2
    dev: false

  /denque/1.5.1:
    resolution: {integrity: sha512-XwE+iZ4D6ZUB7mfYRMb5wByE8L74HCn30FBN7sWnXksWc1LO1bPDl67pBR9o/kC4z/xSNAwkMYcGgqDV3BE3Hw==}
    engines: {node: '>=0.10'}
    dev: false

  /ioredis/4.28.4:
    resolution: {integrity: sha512-KmG3FDd1pKZcWQ7/fIbwzvpkZ50NwRJ3RBK9dpetJrNfC+sxhK6TzaVkExvh9AiF+rAVSUmvqfHyQp5U418aDw==}
    engines: {node: '>=6'}
    dependencies:
      cluster-key-slot: 1.1.0
      debug: 4.3.3
      denque: 1.5.1
      lodash.defaults: 4.2.0
      lodash.flatten: 4.4.0
      lodash.isarguments: 3.1.0
      p-map: 2.1.0
      redis-commands: 1.7.0
      redis-errors: 1.2.0
      redis-parser: 3.0.0
      standard-as-callback: 2.1.0
    transitivePeerDependencies:
      - supports-color
    dev: false

  /lodash.defaults/4.2.0:
    resolution: {integrity: sha1-0JF4cW/+pN3p5ft7N/bwgCJ0WAw=}
    dev: false

  /lodash.flatten/4.4.0:
    resolution: {integrity: sha1-8xwiIlqWMtK7+OSt2+8kCqdlph8=}
    dev: false

  /lodash.isarguments/3.1.0:
    resolution: {integrity: sha1-L1c9hcaiQon/AGY7SRwdM4/zRYo=}
    dev: false

  /ms/2.1.2:
    resolution: {integrity: sha512-sGkPx+VjMtmA6MX27oA4FBFELFCZZ4S4XqeGOXCv68tT+jb3vk/RyaKWP0PTKyWtmLSM0b+adUTEvbs1PEaH2w==}
    dev: false

  /p-map/2.1.0:
    resolution: {integrity: sha512-y3b8Kpd8OAN444hxfBbFfj1FY/RjtTd8tzYwhUqNYXx0fXx2iX4maP4Qr6qhIKbQXI02wTLAda4fYUbDagTUFw==}
    engines: {node: '>=6'}
    dev: false

  /prisma/3.8.1:
    resolution: {integrity: sha512-Q8zHwS9m70TaD7qI8u+8hTAmiTpK+IpvRYF3Rgb/OeWGQJOMgZCFFvNCiSfoLEQ95wilK7ctW3KOpc9AuYnRUA==}
    engines: {node: '>=12.6'}
    hasBin: true
    requiresBuild: true
    dependencies:
      '@prisma/engines': 3.8.0-43.34df67547cf5598f5a6cd3eb45f14ee70c3fb86f
    dev: true

  /redis-commands/1.7.0:
    resolution: {integrity: sha512-nJWqw3bTFy21hX/CPKHth6sfhZbdiHP6bTawSgQBlKOVRG7EZkfHbbHwQJnrE4vsQf0CMNE+3gJ4Fmm16vdVlQ==}
    dev: false

  /redis-errors/1.2.0:
    resolution: {integrity: sha1-62LSrbFeTq9GEMBK/hUpOEJQq60=}
    engines: {node: '>=4'}
    dev: false

  /redis-parser/3.0.0:
    resolution: {integrity: sha1-tm2CjNyv5rS4pCin3vTGvKwxyLQ=}
    engines: {node: '>=4'}
    dependencies:
      redis-errors: 1.2.0
    dev: false

  /standard-as-callback/2.1.0:
    resolution: {integrity: sha512-qoRRSyROncaz1z0mvYqIE4lCd9p2R90i6GxW3uZv5ucSu8tU7B5HXUP1gG8pVZsYNVaXjk8ClXHPttLyxAL48A==}
    dev: false
